
Microsoft Visual Studio Solution File, Format Version 11.00
# Visual Studio 2010
Project("{8BC9CEB8-8B4A-11D0-8D11-00A0C91BC942}") = "Yol_Algoritmasi", "Yol_Algoritmasi\Yol_Algoritmasi.vcxproj", "{59F16DC4-021D-4420-93EA-6C274D6AFEA9}"
EndProject
Global
	GlobalSection(SolutionConfigurationPlatforms) = preSolution
		Debug|Win32 = Debug|Win32
		Release|Win32 = Release|Win32
	EndGlobalSection
	GlobalSection(ProjectConfigurationPlatforms) = postSolution
		{59F16DC4-021D-4420-93EA-6C274D6AFEA9}.Debug|Win32.ActiveCfg = Debug|Win32
		{59F16DC4-021D-4420-93EA-6C274D6AFEA9}.Debug|Win32.Build.0 = Debug|Win32
		{59F16DC4-021D-4420-93EA-6C274D6AFEA9}.Release|Win32.ActiveCfg = Release|Win32
		{59F16DC4-021D-4420-93EA-6C274D6AFEA9}.Release|Win32.Build.0 = Release|Win32
	EndGlobalSection
	GlobalSection(SolutionProperties) = preSolution
		HideSolutionNode = FALSE
	EndGlobalSection
EndGlobal
